
Microsoft Visual Studio Solution File, Format Version 12.00
# Visual Studio Version 16
VisualStudioVersion = 16.0.31624.102
MinimumVisualStudioVersion = 10.0.40219.1
Project("{FAE04EC0-301F-11D3-BF4B-00C04F79EFBC}") = "DesignPatterns", "DesignPatterns\DesignPatterns.csproj", "{BBD02D30-3FEB-4AF7-B066-B45B5F91B818}"
EndProject
Global
	GlobalSection(SolutionConfigurationPlatforms) = preSolution
		Debug|Any CPU = Debug|Any CPU
		Release|Any CPU = Release|Any CPU
	EndGlobalSection
	GlobalSection(ProjectConfigurationPlatforms) = postSolution
		{BBD02D30-3FEB-4AF7-B066-B45B5F91B818}.Debug|Any CPU.ActiveCfg = Debug|Any CPU
		{BBD02D30-3FEB-4AF7-B066-B45B5F91B818}.Debug|Any CPU.Build.0 = Debug|Any CPU
		{BBD02D30-3FEB-4AF7-B066-B45B5F91B818}.Release|Any CPU.ActiveCfg = Release|Any CPU
		{BBD02D30-3FEB-4AF7-B066-B45B5F91B818}.Release|Any CPU.Build.0 = Release|Any CPU
	EndGlobalSection
	GlobalSection(SolutionProperties) = preSolution
		HideSolutionNode = FALSE
	EndGlobalSection
	GlobalSection(ExtensibilityGlobals) = postSolution
		SolutionGuid = {20E2A56B-845E-4756-A108-EF72BDCAAC24}
	EndGlobalSection
EndGlobal
