
Microsoft Visual Studio Solution File, Format Version 12.00
# Visual Studio Version 16
VisualStudioVersion = 16.0.31624.102
MinimumVisualStudioVersion = 10.0.40219.1
Project("{FAE04EC0-301F-11D3-BF4B-00C04F79EFBC}") = "Singleton", "DesignPatterns\Singleton.csproj", "{BBD02D30-3FEB-4AF7-B066-B45B5F91B818}"
EndProject
Project("{FAE04EC0-301F-11D3-BF4B-00C04F79EFBC}") = "FactoryMethod", "FactoryMethod\FactoryMethod.csproj", "{F8A0AD72-2B6F-4AD3-8A8B-499EC6F374A0}"
EndProject
Project("{FAE04EC0-301F-11D3-BF4B-00C04F79EFBC}") = "AbstractFactory", "AbstractFactory\AbstractFactory.csproj", "{695763BC-6835-4DB6-9D94-4F74E919375F}"
EndProject
Project("{FAE04EC0-301F-11D3-BF4B-00C04F79EFBC}") = "Builder", "Builder\Builder.csproj", "{0BD7C3D9-F45E-4E10-88C6-D9B705E7AFF0}"
EndProject
Project("{FAE04EC0-301F-11D3-BF4B-00C04F79EFBC}") = "Prototype", "Prototype\Prototype.csproj", "{030FE475-37D8-4A5E-8767-73D456B7791D}"
EndProject
Project("{FAE04EC0-301F-11D3-BF4B-00C04F79EFBC}") = "Adapter", "Adapter\Adapter.csproj", "{83E25534-0CE8-448E-99C7-7EB18FB54A95}"
EndProject
Project("{FAE04EC0-301F-11D3-BF4B-00C04F79EFBC}") = "Flyweight", "Flyweight\Flyweight.csproj", "{D1C19281-ACB8-4F70-86BF-F3D308D4A56F}"
EndProject
Project("{FAE04EC0-301F-11D3-BF4B-00C04F79EFBC}") = "Bridge", "Bridge\Bridge.csproj", "{8361925D-3366-4CEE-9943-75870E91BE9C}"
EndProject
Project("{FAE04EC0-301F-11D3-BF4B-00C04F79EFBC}") = "Composite", "Composite\Composite.csproj", "{DEF090A8-3786-462B-9A64-5348856657FC}"
EndProject
Project("{FAE04EC0-301F-11D3-BF4B-00C04F79EFBC}") = "Decorator", "Decorator\Decorator.csproj", "{4F149827-A999-441E-9E9D-650B25084404}"
EndProject
Project("{FAE04EC0-301F-11D3-BF4B-00C04F79EFBC}") = "Facade", "Facade\Facade.csproj", "{8888F589-1C7F-422E-B747-D623F362D084}"
EndProject
Project("{FAE04EC0-301F-11D3-BF4B-00C04F79EFBC}") = "Proxy", "Proxy\Proxy.csproj", "{673496C8-21E5-40C9-92E6-3BC0AFDF69E8}"
EndProject
Global
	GlobalSection(SolutionConfigurationPlatforms) = preSolution
		Debug|Any CPU = Debug|Any CPU
		Release|Any CPU = Release|Any CPU
	EndGlobalSection
	GlobalSection(ProjectConfigurationPlatforms) = postSolution
		{BBD02D30-3FEB-4AF7-B066-B45B5F91B818}.Debug|Any CPU.ActiveCfg = Debug|Any CPU
		{BBD02D30-3FEB-4AF7-B066-B45B5F91B818}.Debug|Any CPU.Build.0 = Debug|Any CPU
		{BBD02D30-3FEB-4AF7-B066-B45B5F91B818}.Release|Any CPU.ActiveCfg = Release|Any CPU
		{BBD02D30-3FEB-4AF7-B066-B45B5F91B818}.Release|Any CPU.Build.0 = Release|Any CPU
		{F8A0AD72-2B6F-4AD3-8A8B-499EC6F374A0}.Debug|Any CPU.ActiveCfg = Debug|Any CPU
		{F8A0AD72-2B6F-4AD3-8A8B-499EC6F374A0}.Debug|Any CPU.Build.0 = Debug|Any CPU
		{F8A0AD72-2B6F-4AD3-8A8B-499EC6F374A0}.Release|Any CPU.ActiveCfg = Release|Any CPU
		{F8A0AD72-2B6F-4AD3-8A8B-499EC6F374A0}.Release|Any CPU.Build.0 = Release|Any CPU
		{695763BC-6835-4DB6-9D94-4F74E919375F}.Debug|Any CPU.ActiveCfg = Debug|Any CPU
		{695763BC-6835-4DB6-9D94-4F74E919375F}.Debug|Any CPU.Build.0 = Debug|Any CPU
		{695763BC-6835-4DB6-9D94-4F74E919375F}.Release|Any CPU.ActiveCfg = Release|Any CPU
		{695763BC-6835-4DB6-9D94-4F74E919375F}.Release|Any CPU.Build.0 = Release|Any CPU
		{0BD7C3D9-F45E-4E10-88C6-D9B705E7AFF0}.Debug|Any CPU.ActiveCfg = Debug|Any CPU
		{0BD7C3D9-F45E-4E10-88C6-D9B705E7AFF0}.Debug|Any CPU.Build.0 = Debug|Any CPU
		{0BD7C3D9-F45E-4E10-88C6-D9B705E7AFF0}.Release|Any CPU.ActiveCfg = Release|Any CPU
		{0BD7C3D9-F45E-4E10-88C6-D9B705E7AFF0}.Release|Any CPU.Build.0 = Release|Any CPU
		{030FE475-37D8-4A5E-8767-73D456B7791D}.Debug|Any CPU.ActiveCfg = Debug|Any CPU
		{030FE475-37D8-4A5E-8767-73D456B7791D}.Debug|Any CPU.Build.0 = Debug|Any CPU
		{030FE475-37D8-4A5E-8767-73D456B7791D}.Release|Any CPU.ActiveCfg = Release|Any CPU
		{030FE475-37D8-4A5E-8767-73D456B7791D}.Release|Any CPU.Build.0 = Release|Any CPU
		{83E25534-0CE8-448E-99C7-7EB18FB54A95}.Debug|Any CPU.ActiveCfg = Debug|Any CPU
		{83E25534-0CE8-448E-99C7-7EB18FB54A95}.Debug|Any CPU.Build.0 = Debug|Any CPU
		{83E25534-0CE8-448E-99C7-7EB18FB54A95}.Release|Any CPU.ActiveCfg = Release|Any CPU
		{83E25534-0CE8-448E-99C7-7EB18FB54A95}.Release|Any CPU.Build.0 = Release|Any CPU
		{D1C19281-ACB8-4F70-86BF-F3D308D4A56F}.Debug|Any CPU.ActiveCfg = Debug|Any CPU
		{D1C19281-ACB8-4F70-86BF-F3D308D4A56F}.Debug|Any CPU.Build.0 = Debug|Any CPU
		{D1C19281-ACB8-4F70-86BF-F3D308D4A56F}.Release|Any CPU.ActiveCfg = Release|Any CPU
		{D1C19281-ACB8-4F70-86BF-F3D308D4A56F}.Release|Any CPU.Build.0 = Release|Any CPU
		{8361925D-3366-4CEE-9943-75870E91BE9C}.Debug|Any CPU.ActiveCfg = Debug|Any CPU
		{8361925D-3366-4CEE-9943-75870E91BE9C}.Debug|Any CPU.Build.0 = Debug|Any CPU
		{8361925D-3366-4CEE-9943-75870E91BE9C}.Release|Any CPU.ActiveCfg = Release|Any CPU
		{8361925D-3366-4CEE-9943-75870E91BE9C}.Release|Any CPU.Build.0 = Release|Any CPU
		{DEF090A8-3786-462B-9A64-5348856657FC}.Debug|Any CPU.ActiveCfg = Debug|Any CPU
		{DEF090A8-3786-462B-9A64-5348856657FC}.Debug|Any CPU.Build.0 = Debug|Any CPU
		{DEF090A8-3786-462B-9A64-5348856657FC}.Release|Any CPU.ActiveCfg = Release|Any CPU
		{DEF090A8-3786-462B-9A64-5348856657FC}.Release|Any CPU.Build.0 = Release|Any CPU
		{4F149827-A999-441E-9E9D-650B25084404}.Debug|Any CPU.ActiveCfg = Debug|Any CPU
		{4F149827-A999-441E-9E9D-650B25084404}.Debug|Any CPU.Build.0 = Debug|Any CPU
		{4F149827-A999-441E-9E9D-650B25084404}.Release|Any CPU.ActiveCfg = Release|Any CPU
		{4F149827-A999-441E-9E9D-650B25084404}.Release|Any CPU.Build.0 = Release|Any CPU
		{8888F589-1C7F-422E-B747-D623F362D084}.Debug|Any CPU.ActiveCfg = Debug|Any CPU
		{8888F589-1C7F-422E-B747-D623F362D084}.Debug|Any CPU.Build.0 = Debug|Any CPU
		{8888F589-1C7F-422E-B747-D623F362D084}.Release|Any CPU.ActiveCfg = Release|Any CPU
		{8888F589-1C7F-422E-B747-D623F362D084}.Release|Any CPU.Build.0 = Release|Any CPU
		{673496C8-21E5-40C9-92E6-3BC0AFDF69E8}.Debug|Any CPU.ActiveCfg = Debug|Any CPU
		{673496C8-21E5-40C9-92E6-3BC0AFDF69E8}.Debug|Any CPU.Build.0 = Debug|Any CPU
		{673496C8-21E5-40C9-92E6-3BC0AFDF69E8}.Release|Any CPU.ActiveCfg = Release|Any CPU
		{673496C8-21E5-40C9-92E6-3BC0AFDF69E8}.Release|Any CPU.Build.0 = Release|Any CPU
	EndGlobalSection
	GlobalSection(SolutionProperties) = preSolution
		HideSolutionNode = FALSE
	EndGlobalSection
	GlobalSection(ExtensibilityGlobals) = postSolution
		SolutionGuid = {20E2A56B-845E-4756-A108-EF72BDCAAC24}
	EndGlobalSection
EndGlobal
